{
    "name": "charon-lang",
    "version": "1.0.0",
    "lockfileVersion": 3,
    "requires": true,
    "packages": {
        "": {
            "name": "charon-lang",
            "version": "1.0.0",
            "license": "MIT",
            "dependencies": {
                "web-tree-sitter": "^0.25.2"
            },
            "devDependencies": {
                "@types/mocha": "^10.0.9",
                "@types/node": "20.x",
                "@types/vscode": "^1.89.0",
                "typescript": "^5.6.3"
            },
            "engines": {
                "vscode": "^1.89.0"
            }
        },
        "node_modules/@types/mocha": {
            "version": "10.0.10",
            "resolved": "https://registry.npmjs.org/@types/mocha/-/mocha-10.0.10.tgz",
            "integrity": "sha512-xPyYSz1cMPnJQhl0CLMH68j3gprKZaTjG3s5Vi+fDgx+uhG9NOXwbVt52eFS8ECyXhyKcjDLCBEqBExKuiZb7Q==",
            "dev": true
        },
        "node_modules/@types/node": {
            "version": "20.17.6",
            "resolved": "https://registry.npmjs.org/@types/node/-/node-20.17.6.tgz",
            "integrity": "sha512-VEI7OdvK2wP7XHnsuXbAJnEpEkF6NjSN45QJlL4VGqZSXsnicpesdTWsg9RISeSdYd3yeRj/y3k5KGjUXYnFwQ==",
            "dev": true,
            "dependencies": {
                "undici-types": "~6.19.2"
            }
        },
        "node_modules/@types/vscode": {
            "version": "1.95.0",
            "resolved": "https://registry.npmjs.org/@types/vscode/-/vscode-1.95.0.tgz",
            "integrity": "sha512-0LBD8TEiNbet3NvWsmn59zLzOFu/txSlGxnv5yAFHCrhG9WvAnR3IvfHzMOs2aeWqgvNjq9pO99IUw8d3n+unw==",
            "dev": true
        },
        "node_modules/typescript": {
            "version": "5.6.3",
            "resolved": "https://registry.npmjs.org/typescript/-/typescript-5.6.3.tgz",
            "integrity": "sha512-hjcS1mhfuyi4WW8IWtjP7brDrG2cuDZukyrYrSauoXGNgx0S7zceP07adYkJycEr56BOUTNPzbInooiN3fn1qw==",
            "dev": true,
            "bin": {
                "tsc": "bin/tsc",
                "tsserver": "bin/tsserver"
            },
            "engines": {
                "node": ">=14.17"
            }
        },
        "node_modules/undici-types": {
            "version": "6.19.8",
            "resolved": "https://registry.npmjs.org/undici-types/-/undici-types-6.19.8.tgz",
            "integrity": "sha512-ve2KP6f/JnbPBFyobGHuerC9g1FYGn/F8n1LWTwNxCEzd6IfqTwUQcNXgEtmmQ6DlRrC1hrSrBnCZPokRrDHjw==",
            "dev": true
        },
        "node_modules/web-tree-sitter": {
            "version": "0.25.2",
            "resolved": "https://registry.npmjs.org/web-tree-sitter/-/web-tree-sitter-0.25.2.tgz",
            "integrity": "sha512-QfQdqcxIBDUn221amRY4A/KK6dBL3NjBOEP40QqHlkRBVGbeO0CHg4zpvtVcF4qC+cUefqZF4aSY8BSnnazlUA==",
            "license": "MIT"
        }
    }
}
