{
    "name": "charon-lang",
    "version": "1.0.0",
    "lockfileVersion": 3,
    "requires": true,
    "packages": {
        "": {
            "name": "charon-lang",
            "version": "1.0.0",
            "license": "MIT",
            "dependencies": {
                "web-tree-sitter": "^0.25.2"
            },
            "devDependencies": {
                "@types/emscripten": "^1.40.0",
                "@types/mocha": "^10.0.9",
                "@types/node": "20.x",
                "@types/vscode": "^1.89.0",
                "typescript": "^5.6.3"
            },
            "engines": {
                "vscode": "^1.89.0"
            }
        },
        "node_modules/@types/emscripten": {
            "version": "1.40.0",
            "resolved": "https://registry.npmjs.org/@types/emscripten/-/emscripten-1.40.0.tgz",
            "integrity": "sha512-MD2JJ25S4tnjnhjWyalMS6K6p0h+zQV6+Ylm+aGbiS8tSn/aHLSGNzBgduj6FB4zH0ax2GRMGYi/8G1uOxhXWA==",
            "dev": true,
            "license": "MIT"
        },
        "node_modules/@types/mocha": {
            "version": "10.0.10",
            "resolved": "https://registry.npmjs.org/@types/mocha/-/mocha-10.0.10.tgz",
            "integrity": "sha512-xPyYSz1cMPnJQhl0CLMH68j3gprKZaTjG3s5Vi+fDgx+uhG9NOXwbVt52eFS8ECyXhyKcjDLCBEqBExKuiZb7Q==",
            "dev": true,
            "license": "MIT"
        },
        "node_modules/@types/node": {
            "version": "20.17.19",
            "resolved": "https://registry.npmjs.org/@types/node/-/node-20.17.19.tgz",
            "integrity": "sha512-LEwC7o1ifqg/6r2gn9Dns0f1rhK+fPFDoMiceTJ6kWmVk6bgXBI/9IOWfVan4WiAavK9pIVWdX0/e3J+eEUh5A==",
            "dev": true,
            "license": "MIT",
            "dependencies": {
                "undici-types": "~6.19.2"
            }
        },
        "node_modules/@types/vscode": {
            "version": "1.97.0",
            "resolved": "https://registry.npmjs.org/@types/vscode/-/vscode-1.97.0.tgz",
            "integrity": "sha512-ueE73loeOTe7olaVyqP9mrRI54kVPJifUPjblZo9fYcv1CuVLPOEKEkqW0GkqPC454+nCEoigLWnC2Pp7prZ9w==",
            "dev": true,
            "license": "MIT"
        },
        "node_modules/typescript": {
            "version": "5.7.3",
            "resolved": "https://registry.npmjs.org/typescript/-/typescript-5.7.3.tgz",
            "integrity": "sha512-84MVSjMEHP+FQRPy3pX9sTVV/INIex71s9TL2Gm5FG/WG1SqXeKyZ0k7/blY/4FdOzI12CBy1vGc4og/eus0fw==",
            "dev": true,
            "license": "Apache-2.0",
            "bin": {
                "tsc": "bin/tsc",
                "tsserver": "bin/tsserver"
            },
            "engines": {
                "node": ">=14.17"
            }
        },
        "node_modules/undici-types": {
            "version": "6.19.8",
            "resolved": "https://registry.npmjs.org/undici-types/-/undici-types-6.19.8.tgz",
            "integrity": "sha512-ve2KP6f/JnbPBFyobGHuerC9g1FYGn/F8n1LWTwNxCEzd6IfqTwUQcNXgEtmmQ6DlRrC1hrSrBnCZPokRrDHjw==",
            "dev": true,
            "license": "MIT"
        },
        "node_modules/web-tree-sitter": {
            "version": "0.25.2",
            "resolved": "https://registry.npmjs.org/web-tree-sitter/-/web-tree-sitter-0.25.2.tgz",
            "integrity": "sha512-QfQdqcxIBDUn221amRY4A/KK6dBL3NjBOEP40QqHlkRBVGbeO0CHg4zpvtVcF4qC+cUefqZF4aSY8BSnnazlUA==",
            "license": "MIT"
        }
    }
}
